{
  "version": 4,
  "terraform_version": "1.14.0",
  "serial": 3,
  "lineage": "b853ea95-bc27-91ac-f58e-68e7f059478c",
  "outputs": {},
  "resources": [
    {
      "mode": "managed",
      "type": "acecloud_vm",
      "name": "example",
      "provider": "provider[\"registry.terraform.io/acecloud/acecloud\"]",
      "instances": [
        {
          "schema_version": 0,
          "attributes": {
            "availability_zone": "nova",
            "billing_type": "hourly",
            "boot_uuid": "ce0d036e-b8f7-411f-8be1-e03e47ce5fcd",
            "delete_on_termination": true,
            "flavor": "71eddda0-7b6b-4873-a5f5-ada8a2031059",
            "id": "7f111c81-44d2-4d5e-ab09-315399974f51",
            "instance_id": "7f111c81-44d2-4d5e-ab09-315399974f51",
            "ip_address": null,
            "key": "k8s-sujal",
            "name": "instance2",
            "network": [
              "c92f8cb2-cf4d-4614-be27-e9ad192fc3e8"
            ],
            "security_group": [
              "36bbdcb7-facc-4346-9ce4-c15c33977c72"
            ],
            "source_type": "image",
            "status": null,
            "vm_count": 1,
            "volumes": [
              {
                "billing_type": "hourly",
                "boot": true,
                "size": 20,
                "volume_type": "NVMe based High IOPS Storage"
              }
            ]
          },
          "sensitive_attributes": [],
          "identity_schema_version": 0,
          "private": "bnVsbA=="
        }
      ]
    }
  ],
  "check_results": null
}
